
Microsoft Visual Studio Solution File, Format Version 12.00
# Visual Studio Version 17
VisualStudioVersion = 17.10.34928.147
MinimumVisualStudioVersion = 10.0.40219.1
Project("{8BC9CEB8-8B4A-11D0-8D11-00A0C91BC942}") = "testImgui", "testImgui\testImgui.vcxproj", "{386F357D-5546-4798-955F-75D44F54C821}"
EndProject
Global
	GlobalSection(SolutionConfigurationPlatforms) = preSolution
		Debug|x64 = Debug|x64
		Release|x64 = Release|x64
	EndGlobalSection
	GlobalSection(ProjectConfigurationPlatforms) = postSolution
		{386F357D-5546-4798-955F-75D44F54C821}.Debug|x64.ActiveCfg = Debug|x64
		{386F357D-5546-4798-955F-75D44F54C821}.Debug|x64.Build.0 = Debug|x64
		{386F357D-5546-4798-955F-75D44F54C821}.Release|x64.ActiveCfg = Release|x64
		{386F357D-5546-4798-955F-75D44F54C821}.Release|x64.Build.0 = Release|x64
	EndGlobalSection
	GlobalSection(SolutionProperties) = preSolution
		HideSolutionNode = FALSE
	EndGlobalSection
	GlobalSection(ExtensibilityGlobals) = postSolution
		SolutionGuid = {9EABBF9A-1095-41E8-9770-0AC6D56E34CF}
	EndGlobalSection
EndGlobal
